
Microsoft Visual Studio Solution File, Format Version 12.00
# Visual Studio Version 17
VisualStudioVersion = 17.13.35806.99 d17.13
MinimumVisualStudioVersion = 10.0.40219.1
Project("{FAE04EC0-301F-11D3-BF4B-00C04F79EFBC}") = "VeraoCapixaba", "VeraoCapixaba.csproj", "{FBE6C38D-BE2B-49C3-89CF-1ED3178654E6}"
EndProject
Global
	GlobalSection(SolutionConfigurationPlatforms) = preSolution
		Debug|Any CPU = Debug|Any CPU
		Release|Any CPU = Release|Any CPU
	EndGlobalSection
	GlobalSection(ProjectConfigurationPlatforms) = postSolution
		{FBE6C38D-BE2B-49C3-89CF-1ED3178654E6}.Debug|Any CPU.ActiveCfg = Debug|Any CPU
		{FBE6C38D-BE2B-49C3-89CF-1ED3178654E6}.Debug|Any CPU.Build.0 = Debug|Any CPU
		{FBE6C38D-BE2B-49C3-89CF-1ED3178654E6}.Release|Any CPU.ActiveCfg = Release|Any CPU
		{FBE6C38D-BE2B-49C3-89CF-1ED3178654E6}.Release|Any CPU.Build.0 = Release|Any CPU
	EndGlobalSection
	GlobalSection(SolutionProperties) = preSolution
		HideSolutionNode = FALSE
	EndGlobalSection
	GlobalSection(ExtensibilityGlobals) = postSolution
		SolutionGuid = {3C4B92C3-CE8D-4812-B7E6-EF87B66E4CBB}
	EndGlobalSection
EndGlobal
